
Microsoft Visual Studio Solution File, Format Version 11.00
# Visual Studio 2010
Project("{FAE04EC0-301F-11D3-BF4B-00C04F79EFBC}") = "PhotonUnityNetworking.Demos", "PhotonUnityNetworking.Demos.csproj", "{49E705E3-822D-065B-FEAE-3529DC04F8CC}"
EndProject
Project("{FAE04EC0-301F-11D3-BF4B-00C04F79EFBC}") = "PhotonUnityNetworking.Utilities", "PhotonUnityNetworking.Utilities.csproj", "{ED9FFCB2-B08C-3E51-5500-F23F2DAFAEDB}"
EndProject
Project("{FAE04EC0-301F-11D3-BF4B-00C04F79EFBC}") = "PhotonChat", "PhotonChat.csproj", "{DA462AE9-9B61-E080-217C-94978BB7F487}"
EndProject
Project("{FAE04EC0-301F-11D3-BF4B-00C04F79EFBC}") = "PhotonUnityNetworking", "PhotonUnityNetworking.csproj", "{08837DBC-1A99-21E1-EC49-B915BCC2AF73}"
EndProject
Project("{FAE04EC0-301F-11D3-BF4B-00C04F79EFBC}") = "Assembly-CSharp", "Assembly-CSharp.csproj", "{08627728-3020-8321-197F-FDC6768005A9}"
EndProject
Project("{FAE04EC0-301F-11D3-BF4B-00C04F79EFBC}") = "PhotonRealtime", "PhotonRealtime.csproj", "{3CFBA09B-7BF0-758D-FD5D-2B70F34E4E24}"
EndProject
Project("{FAE04EC0-301F-11D3-BF4B-00C04F79EFBC}") = "PhotonWebSocket", "PhotonWebSocket.csproj", "{3946CD12-AF32-295B-7FCF-19ECEF422715}"
EndProject
Project("{FAE04EC0-301F-11D3-BF4B-00C04F79EFBC}") = "PhotonUnityNetworking.Editor", "PhotonUnityNetworking.Editor.csproj", "{CFB3F9CA-6576-83B7-7F74-EE7864A42C33}"
EndProject
Project("{FAE04EC0-301F-11D3-BF4B-00C04F79EFBC}") = "PunDemos.DemoHubEditor", "PunDemos.DemoHubEditor.csproj", "{795AAD13-44F1-6EFF-3DEA-6739AB862A64}"
EndProject
Project("{FAE04EC0-301F-11D3-BF4B-00C04F79EFBC}") = "PhotonUnityNetworking.Utilities.PhotonPlayer.Editor", "PhotonUnityNetworking.Utilities.PhotonPlayer.Editor.csproj", "{F504BE8F-63D5-6B2F-CF2B-879D9F2E2E44}"
EndProject
Project("{FAE04EC0-301F-11D3-BF4B-00C04F79EFBC}") = "PhotonUnityNetworking.Utilities.Culling.Editor", "PhotonUnityNetworking.Utilities.Culling.Editor.csproj", "{FE3F9F24-5051-F834-F13A-39C43E64F24A}"
EndProject
Project("{FAE04EC0-301F-11D3-BF4B-00C04F79EFBC}") = "PunDemos.DemoSlotcarEditor", "PunDemos.DemoSlotcarEditor.csproj", "{9DC8BF13-5A44-1D39-8B0F-D0A83D894AAA}"
EndProject
Global
	GlobalSection(SolutionConfigurationPlatforms) = preSolution
		Debug|Any CPU = Debug|Any CPU
		Release|Any CPU = Release|Any CPU
	EndGlobalSection
	GlobalSection(ProjectConfigurationPlatforms) = postSolution
		{49E705E3-822D-065B-FEAE-3529DC04F8CC}.Debug|Any CPU.ActiveCfg = Debug|Any CPU
		{49E705E3-822D-065B-FEAE-3529DC04F8CC}.Debug|Any CPU.Build.0 = Debug|Any CPU
		{49E705E3-822D-065B-FEAE-3529DC04F8CC}.Release|Any CPU.ActiveCfg = Release|Any CPU
		{49E705E3-822D-065B-FEAE-3529DC04F8CC}.Release|Any CPU.Build.0 = Release|Any CPU
		{ED9FFCB2-B08C-3E51-5500-F23F2DAFAEDB}.Debug|Any CPU.ActiveCfg = Debug|Any CPU
		{ED9FFCB2-B08C-3E51-5500-F23F2DAFAEDB}.Debug|Any CPU.Build.0 = Debug|Any CPU
		{ED9FFCB2-B08C-3E51-5500-F23F2DAFAEDB}.Release|Any CPU.ActiveCfg = Release|Any CPU
		{ED9FFCB2-B08C-3E51-5500-F23F2DAFAEDB}.Release|Any CPU.Build.0 = Release|Any CPU
		{DA462AE9-9B61-E080-217C-94978BB7F487}.Debug|Any CPU.ActiveCfg = Debug|Any CPU
		{DA462AE9-9B61-E080-217C-94978BB7F487}.Debug|Any CPU.Build.0 = Debug|Any CPU
		{DA462AE9-9B61-E080-217C-94978BB7F487}.Release|Any CPU.ActiveCfg = Release|Any CPU
		{DA462AE9-9B61-E080-217C-94978BB7F487}.Release|Any CPU.Build.0 = Release|Any CPU
		{08837DBC-1A99-21E1-EC49-B915BCC2AF73}.Debug|Any CPU.ActiveCfg = Debug|Any CPU
		{08837DBC-1A99-21E1-EC49-B915BCC2AF73}.Debug|Any CPU.Build.0 = Debug|Any CPU
		{08837DBC-1A99-21E1-EC49-B915BCC2AF73}.Release|Any CPU.ActiveCfg = Release|Any CPU
		{08837DBC-1A99-21E1-EC49-B915BCC2AF73}.Release|Any CPU.Build.0 = Release|Any CPU
		{08627728-3020-8321-197F-FDC6768005A9}.Debug|Any CPU.ActiveCfg = Debug|Any CPU
		{08627728-3020-8321-197F-FDC6768005A9}.Debug|Any CPU.Build.0 = Debug|Any CPU
		{08627728-3020-8321-197F-FDC6768005A9}.Release|Any CPU.ActiveCfg = Release|Any CPU
		{08627728-3020-8321-197F-FDC6768005A9}.Release|Any CPU.Build.0 = Release|Any CPU
		{3CFBA09B-7BF0-758D-FD5D-2B70F34E4E24}.Debug|Any CPU.ActiveCfg = Debug|Any CPU
		{3CFBA09B-7BF0-758D-FD5D-2B70F34E4E24}.Debug|Any CPU.Build.0 = Debug|Any CPU
		{3CFBA09B-7BF0-758D-FD5D-2B70F34E4E24}.Release|Any CPU.ActiveCfg = Release|Any CPU
		{3CFBA09B-7BF0-758D-FD5D-2B70F34E4E24}.Release|Any CPU.Build.0 = Release|Any CPU
		{3946CD12-AF32-295B-7FCF-19ECEF422715}.Debug|Any CPU.ActiveCfg = Debug|Any CPU
		{3946CD12-AF32-295B-7FCF-19ECEF422715}.Debug|Any CPU.Build.0 = Debug|Any CPU
		{3946CD12-AF32-295B-7FCF-19ECEF422715}.Release|Any CPU.ActiveCfg = Release|Any CPU
		{3946CD12-AF32-295B-7FCF-19ECEF422715}.Release|Any CPU.Build.0 = Release|Any CPU
		{CFB3F9CA-6576-83B7-7F74-EE7864A42C33}.Debug|Any CPU.ActiveCfg = Debug|Any CPU
		{CFB3F9CA-6576-83B7-7F74-EE7864A42C33}.Debug|Any CPU.Build.0 = Debug|Any CPU
		{CFB3F9CA-6576-83B7-7F74-EE7864A42C33}.Release|Any CPU.ActiveCfg = Release|Any CPU
		{CFB3F9CA-6576-83B7-7F74-EE7864A42C33}.Release|Any CPU.Build.0 = Release|Any CPU
		{795AAD13-44F1-6EFF-3DEA-6739AB862A64}.Debug|Any CPU.ActiveCfg = Debug|Any CPU
		{795AAD13-44F1-6EFF-3DEA-6739AB862A64}.Debug|Any CPU.Build.0 = Debug|Any CPU
		{795AAD13-44F1-6EFF-3DEA-6739AB862A64}.Release|Any CPU.ActiveCfg = Release|Any CPU
		{795AAD13-44F1-6EFF-3DEA-6739AB862A64}.Release|Any CPU.Build.0 = Release|Any CPU
		{F504BE8F-63D5-6B2F-CF2B-879D9F2E2E44}.Debug|Any CPU.ActiveCfg = Debug|Any CPU
		{F504BE8F-63D5-6B2F-CF2B-879D9F2E2E44}.Debug|Any CPU.Build.0 = Debug|Any CPU
		{F504BE8F-63D5-6B2F-CF2B-879D9F2E2E44}.Release|Any CPU.ActiveCfg = Release|Any CPU
		{F504BE8F-63D5-6B2F-CF2B-879D9F2E2E44}.Release|Any CPU.Build.0 = Release|Any CPU
		{FE3F9F24-5051-F834-F13A-39C43E64F24A}.Debug|Any CPU.ActiveCfg = Debug|Any CPU
		{FE3F9F24-5051-F834-F13A-39C43E64F24A}.Debug|Any CPU.Build.0 = Debug|Any CPU
		{FE3F9F24-5051-F834-F13A-39C43E64F24A}.Release|Any CPU.ActiveCfg = Release|Any CPU
		{FE3F9F24-5051-F834-F13A-39C43E64F24A}.Release|Any CPU.Build.0 = Release|Any CPU
		{9DC8BF13-5A44-1D39-8B0F-D0A83D894AAA}.Debug|Any CPU.ActiveCfg = Debug|Any CPU
		{9DC8BF13-5A44-1D39-8B0F-D0A83D894AAA}.Debug|Any CPU.Build.0 = Debug|Any CPU
		{9DC8BF13-5A44-1D39-8B0F-D0A83D894AAA}.Release|Any CPU.ActiveCfg = Release|Any CPU
		{9DC8BF13-5A44-1D39-8B0F-D0A83D894AAA}.Release|Any CPU.Build.0 = Release|Any CPU
	EndGlobalSection
	GlobalSection(SolutionProperties) = preSolution
		HideSolutionNode = FALSE
	EndGlobalSection
EndGlobal
